
Microsoft Visual Studio Solution File, Format Version 12.00
# Visual Studio Version 17
VisualStudioVersion = 17.14.37012.4 d17.14
MinimumVisualStudioVersion = 10.0.40219.1
Project("{FAE04EC0-301F-11D3-BF4B-00C04F79EFBC}") = "AgendaContactosInteligente", "AgendaContactosInteligente\AgendaContactosInteligente.csproj", "{498D1B6F-2F52-4A2A-BF66-9295501B9A00}"
EndProject
Global
	GlobalSection(SolutionConfigurationPlatforms) = preSolution
		Debug|Any CPU = Debug|Any CPU
		Release|Any CPU = Release|Any CPU
	EndGlobalSection
	GlobalSection(ProjectConfigurationPlatforms) = postSolution
		{498D1B6F-2F52-4A2A-BF66-9295501B9A00}.Debug|Any CPU.ActiveCfg = Debug|Any CPU
		{498D1B6F-2F52-4A2A-BF66-9295501B9A00}.Debug|Any CPU.Build.0 = Debug|Any CPU
		{498D1B6F-2F52-4A2A-BF66-9295501B9A00}.Release|Any CPU.ActiveCfg = Release|Any CPU
		{498D1B6F-2F52-4A2A-BF66-9295501B9A00}.Release|Any CPU.Build.0 = Release|Any CPU
	EndGlobalSection
	GlobalSection(SolutionProperties) = preSolution
		HideSolutionNode = FALSE
	EndGlobalSection
	GlobalSection(ExtensibilityGlobals) = postSolution
		SolutionGuid = {FA7DD528-F604-45E2-96C9-7EAF03C5DA41}
	EndGlobalSection
EndGlobal
